
Microsoft Visual Studio Solution File, Format Version 12.00
# Visual Studio Version 17
VisualStudioVersion = 17.6.33723.286
MinimumVisualStudioVersion = 10.0.40219.1
Project("{2150E333-8FDC-42A3-9474-1A3956D46DE8}") = "src", "src", "{AB042499-481F-41D4-BAE7-3EB8810368EA}"
EndProject
Project("{FAE04EC0-301F-11D3-BF4B-00C04F79EFBC}") = "EasyCash.EntityLayer", "src\EasyCash.EntityLayer\EasyCash.EntityLayer.csproj", "{20B456AE-245D-44DD-9905-F4A61B626F07}"
EndProject
Project("{FAE04EC0-301F-11D3-BF4B-00C04F79EFBC}") = "EasyCash.DataAccessLayer", "src\EasyCash.DataAccessLayer\EasyCash.DataAccessLayer.csproj", "{FAA91C7F-91F7-43C0-BC55-774A46EC13EA}"
EndProject
Project("{FAE04EC0-301F-11D3-BF4B-00C04F79EFBC}") = "EasyCash.BusinessLayer", "src\EasyCash.BusinessLayer\EasyCash.BusinessLayer.csproj", "{092E5486-C02B-4DD2-82C7-365687E1E6EB}"
EndProject
Project("{FAE04EC0-301F-11D3-BF4B-00C04F79EFBC}") = "EasyCash.DtoLayer", "src\EasyCash.DtoLayer\EasyCash.DtoLayer.csproj", "{4E4B20F1-9E1C-4F72-AC46-1D81D5C16A65}"
EndProject
Project("{FAE04EC0-301F-11D3-BF4B-00C04F79EFBC}") = "EasyCash.Web", "src\EasyCash.Web\EasyCash.Web.csproj", "{B76BAC8C-7694-417A-81FF-C675E5E127CB}"
EndProject
Global
	GlobalSection(SolutionConfigurationPlatforms) = preSolution
		Debug|Any CPU = Debug|Any CPU
		Release|Any CPU = Release|Any CPU
	EndGlobalSection
	GlobalSection(ProjectConfigurationPlatforms) = postSolution
		{20B456AE-245D-44DD-9905-F4A61B626F07}.Debug|Any CPU.ActiveCfg = Debug|Any CPU
		{20B456AE-245D-44DD-9905-F4A61B626F07}.Debug|Any CPU.Build.0 = Debug|Any CPU
		{20B456AE-245D-44DD-9905-F4A61B626F07}.Release|Any CPU.ActiveCfg = Release|Any CPU
		{20B456AE-245D-44DD-9905-F4A61B626F07}.Release|Any CPU.Build.0 = Release|Any CPU
		{FAA91C7F-91F7-43C0-BC55-774A46EC13EA}.Debug|Any CPU.ActiveCfg = Debug|Any CPU
		{FAA91C7F-91F7-43C0-BC55-774A46EC13EA}.Debug|Any CPU.Build.0 = Debug|Any CPU
		{FAA91C7F-91F7-43C0-BC55-774A46EC13EA}.Release|Any CPU.ActiveCfg = Release|Any CPU
		{FAA91C7F-91F7-43C0-BC55-774A46EC13EA}.Release|Any CPU.Build.0 = Release|Any CPU
		{092E5486-C02B-4DD2-82C7-365687E1E6EB}.Debug|Any CPU.ActiveCfg = Debug|Any CPU
		{092E5486-C02B-4DD2-82C7-365687E1E6EB}.Debug|Any CPU.Build.0 = Debug|Any CPU
		{092E5486-C02B-4DD2-82C7-365687E1E6EB}.Release|Any CPU.ActiveCfg = Release|Any CPU
		{092E5486-C02B-4DD2-82C7-365687E1E6EB}.Release|Any CPU.Build.0 = Release|Any CPU
		{4E4B20F1-9E1C-4F72-AC46-1D81D5C16A65}.Debug|Any CPU.ActiveCfg = Debug|Any CPU
		{4E4B20F1-9E1C-4F72-AC46-1D81D5C16A65}.Debug|Any CPU.Build.0 = Debug|Any CPU
		{4E4B20F1-9E1C-4F72-AC46-1D81D5C16A65}.Release|Any CPU.ActiveCfg = Release|Any CPU
		{4E4B20F1-9E1C-4F72-AC46-1D81D5C16A65}.Release|Any CPU.Build.0 = Release|Any CPU
		{B76BAC8C-7694-417A-81FF-C675E5E127CB}.Debug|Any CPU.ActiveCfg = Debug|Any CPU
		{B76BAC8C-7694-417A-81FF-C675E5E127CB}.Debug|Any CPU.Build.0 = Debug|Any CPU
		{B76BAC8C-7694-417A-81FF-C675E5E127CB}.Release|Any CPU.ActiveCfg = Release|Any CPU
		{B76BAC8C-7694-417A-81FF-C675E5E127CB}.Release|Any CPU.Build.0 = Release|Any CPU
	EndGlobalSection
	GlobalSection(SolutionProperties) = preSolution
		HideSolutionNode = FALSE
	EndGlobalSection
	GlobalSection(NestedProjects) = preSolution
		{20B456AE-245D-44DD-9905-F4A61B626F07} = {AB042499-481F-41D4-BAE7-3EB8810368EA}
		{FAA91C7F-91F7-43C0-BC55-774A46EC13EA} = {AB042499-481F-41D4-BAE7-3EB8810368EA}
		{092E5486-C02B-4DD2-82C7-365687E1E6EB} = {AB042499-481F-41D4-BAE7-3EB8810368EA}
		{4E4B20F1-9E1C-4F72-AC46-1D81D5C16A65} = {AB042499-481F-41D4-BAE7-3EB8810368EA}
		{B76BAC8C-7694-417A-81FF-C675E5E127CB} = {AB042499-481F-41D4-BAE7-3EB8810368EA}
	EndGlobalSection
	GlobalSection(ExtensibilityGlobals) = postSolution
		SolutionGuid = {40D1E158-5A0A-4446-B834-5DE0EDC55892}
	EndGlobalSection
EndGlobal
